
Microsoft Visual Studio Solution File, Format Version 12.00
# Visual Studio 15
VisualStudioVersion = 15.0.28307.168
MinimumVisualStudioVersion = 10.0.40219.1
Project("{FAE04EC0-301F-11D3-BF4B-00C04F79EFBC}") = "PlayingWithMongoDB", "PlayingWithMongoDB\PlayingWithMongoDB.csproj", "{D6044C35-C6C1-45FC-9EE1-4E762DD01B41}"
EndProject
Global
	GlobalSection(SolutionConfigurationPlatforms) = preSolution
		Debug|Any CPU = Debug|Any CPU
		Release|Any CPU = Release|Any CPU
	EndGlobalSection
	GlobalSection(ProjectConfigurationPlatforms) = postSolution
		{D6044C35-C6C1-45FC-9EE1-4E762DD01B41}.Debug|Any CPU.ActiveCfg = Debug|Any CPU
		{D6044C35-C6C1-45FC-9EE1-4E762DD01B41}.Debug|Any CPU.Build.0 = Debug|Any CPU
		{D6044C35-C6C1-45FC-9EE1-4E762DD01B41}.Release|Any CPU.ActiveCfg = Release|Any CPU
		{D6044C35-C6C1-45FC-9EE1-4E762DD01B41}.Release|Any CPU.Build.0 = Release|Any CPU
	EndGlobalSection
	GlobalSection(SolutionProperties) = preSolution
		HideSolutionNode = FALSE
	EndGlobalSection
	GlobalSection(ExtensibilityGlobals) = postSolution
		SolutionGuid = {9B2D566D-956B-4FCD-9CFA-5E0B9BE339AF}
	EndGlobalSection
EndGlobal
